{
  "version": 4,
  "terraform_version": "1.1.6",
  "serial": 29,
  "lineage": "71c6a54c-19c8-62c2-7528-f476b3de1fab",
  "outputs": {},
  "resources": [
    {
      "mode": "data",
      "type": "local_file",
      "name": "policy_file",
      "provider": "provider[\"registry.terraform.io/hashicorp/local\"]",
      "instances": [
        {
          "schema_version": 0,
          "attributes": {
            "content": "{\n    \"Version\": \"2012-10-17\",\n    \"Statement\": [\n        {\n            \"Effect\": \"Allow\",\n            \"Action\": \"ec2:Describe*\",\n            \"Resource\": \"*\"\n        },\n        {\n            \"Effect\": \"Allow\",\n            \"Action\": \"elasticloadbalancing:Describe*\",\n            \"Resource\": \"*\"\n        },\n        {\n            \"Effect\": \"Allow\",\n            \"Action\": [\n                \"cloudwatch:ListMetrics\",\n                \"cloudwatch:GetMetricStatistics\",\n                \"cloudwatch:Describe*\"\n            ],\n            \"Resource\": \"*\"\n        },\n        {\n            \"Effect\": \"Allow\",\n            \"Action\": \"autoscaling:Describe*\",\n            \"Resource\": \"*\"\n        }\n    ]\n}\n",
            "content_base64": "ewogICAgIlZlcnNpb24iOiAiMjAxMi0xMC0xNyIsCiAgICAiU3RhdGVtZW50IjogWwogICAgICAgIHsKICAgICAgICAgICAgIkVmZmVjdCI6ICJBbGxvdyIsCiAgICAgICAgICAgICJBY3Rpb24iOiAiZWMyOkRlc2NyaWJlKiIsCiAgICAgICAgICAgICJSZXNvdXJjZSI6ICIqIgogICAgICAgIH0sCiAgICAgICAgewogICAgICAgICAgICAiRWZmZWN0IjogIkFsbG93IiwKICAgICAgICAgICAgIkFjdGlvbiI6ICJlbGFzdGljbG9hZGJhbGFuY2luZzpEZXNjcmliZSoiLAogICAgICAgICAgICAiUmVzb3VyY2UiOiAiKiIKICAgICAgICB9LAogICAgICAgIHsKICAgICAgICAgICAgIkVmZmVjdCI6ICJBbGxvdyIsCiAgICAgICAgICAgICJBY3Rpb24iOiBbCiAgICAgICAgICAgICAgICAiY2xvdWR3YXRjaDpMaXN0TWV0cmljcyIsCiAgICAgICAgICAgICAgICAiY2xvdWR3YXRjaDpHZXRNZXRyaWNTdGF0aXN0aWNzIiwKICAgICAgICAgICAgICAgICJjbG91ZHdhdGNoOkRlc2NyaWJlKiIKICAgICAgICAgICAgXSwKICAgICAgICAgICAgIlJlc291cmNlIjogIioiCiAgICAgICAgfSwKICAgICAgICB7CiAgICAgICAgICAgICJFZmZlY3QiOiAiQWxsb3ciLAogICAgICAgICAgICAiQWN0aW9uIjogImF1dG9zY2FsaW5nOkRlc2NyaWJlKiIsCiAgICAgICAgICAgICJSZXNvdXJjZSI6ICIqIgogICAgICAgIH0KICAgIF0KfQo=",
            "filename": "files/iam-role-policy.json",
            "id": "953cf9b98953ba48512b378225cae2dc1a875e69"
          },
          "sensitive_attributes": []
        }
      ]
    },
    {
      "mode": "data",
      "type": "local_file",
      "name": "user_data_file",
      "provider": "provider[\"registry.terraform.io/hashicorp/local\"]",
      "instances": [
        {
          "schema_version": 0,
          "attributes": {
            "content": "#!/bin/bash\n\nsudo apt update\nsudo apt install nginx -y\nsudo service nginx start\n\n",
            "content_base64": "IyEvYmluL2Jhc2gKCnN1ZG8gYXB0IHVwZGF0ZQpzdWRvIGFwdCBpbnN0YWxsIG5naW54IC15CnN1ZG8gc2VydmljZSBuZ2lueCBzdGFydAoK",
            "filename": "files/user_data.sh",
            "id": "0792e7ea4ee744d2c9795ee074bfcb42a8a6ee1b"
          },
          "sensitive_attributes": []
        }
      ]
    },
    {
      "module": "module.ec2",
      "mode": "data",
      "type": "aws_vpc",
      "name": "default",
      "provider": "provider[\"registry.terraform.io/hashicorp/aws\"]",
      "instances": [
        {
          "schema_version": 0,
          "attributes": {
            "arn": "arn:aws:ec2:ap-south-1:774700302012:vpc/vpc-0acb42b758ae949d4",
            "cidr_block": "172.31.0.0/16",
            "cidr_block_associations": [
              {
                "association_id": "vpc-cidr-assoc-0e3d761308ece406c",
                "cidr_block": "172.31.0.0/16",
                "state": "associated"
              }
            ],
            "default": true,
            "dhcp_options_id": "dopt-072cdf0f78ab2c9af",
            "enable_dns_hostnames": true,
            "enable_dns_support": true,
            "filter": [
              {
                "name": "isDefault",
                "values": [
                  "true"
                ]
              }
            ],
            "id": "vpc-0acb42b758ae949d4",
            "instance_tenancy": "default",
            "ipv6_association_id": "",
            "ipv6_cidr_block": "",
            "main_route_table_id": "rtb-05063df9694ff8e59",
            "owner_id": "774700302012",
            "state": null,
            "tags": {}
          },
          "sensitive_attributes": []
        }
      ]
    },
    {
      "module": "module.ec2",
      "mode": "managed",
      "type": "aws_iam_instance_profile",
      "name": "instance_profile",
      "provider": "provider[\"registry.terraform.io/hashicorp/aws\"]",
      "instances": [
        {
          "schema_version": 0,
          "attributes": {
            "arn": "arn:aws:iam::774700302012:instance-profile/EC2CustomRoleInstanceProfile",
            "create_date": "2022-03-03T06:29:53Z",
            "id": "EC2CustomRoleInstanceProfile",
            "name": "EC2CustomRoleInstanceProfile",
            "name_prefix": null,
            "path": "/",
            "role": "EC2CustomRole",
            "tags": null,
            "tags_all": {},
            "unique_id": "AIPA3IX54P26OGEDH44CO"
          },
          "sensitive_attributes": [],
          "private": "bnVsbA==",
          "dependencies": [
            "data.local_file.policy_file",
            "module.ec2.aws_iam_role.ec2_custom_role"
          ]
        }
      ]
    },
    {
      "module": "module.ec2",
      "mode": "managed",
      "type": "aws_iam_role",
      "name": "ec2_custom_role",
      "provider": "provider[\"registry.terraform.io/hashicorp/aws\"]",
      "instances": [
        {
          "schema_version": 0,
          "attributes": {
            "arn": "arn:aws:iam::774700302012:role/EC2CustomRole",
            "assume_role_policy": "{\"Version\":\"2012-10-17\",\"Statement\":[{\"Effect\":\"Allow\",\"Principal\":{\"Service\":\"ec2.amazonaws.com\"},\"Action\":\"sts:AssumeRole\"}]}",
            "create_date": "2022-03-03T06:29:50Z",
            "description": "",
            "force_detach_policies": false,
            "id": "EC2CustomRole",
            "inline_policy": [
              {
                "name": "EC2CustomRolePolicy",
                "policy": "{\n    \"Version\": \"2012-10-17\",\n    \"Statement\": [\n        {\n            \"Effect\": \"Allow\",\n            \"Action\": \"ec2:Describe*\",\n            \"Resource\": \"*\"\n        },\n        {\n            \"Effect\": \"Allow\",\n            \"Action\": \"elasticloadbalancing:Describe*\",\n            \"Resource\": \"*\"\n        },\n        {\n            \"Effect\": \"Allow\",\n            \"Action\": [\n                \"cloudwatch:ListMetrics\",\n                \"cloudwatch:GetMetricStatistics\",\n                \"cloudwatch:Describe*\"\n            ],\n            \"Resource\": \"*\"\n        },\n        {\n            \"Effect\": \"Allow\",\n            \"Action\": \"autoscaling:Describe*\",\n            \"Resource\": \"*\"\n        }\n    ]\n}\n"
              }
            ],
            "managed_policy_arns": [],
            "max_session_duration": 3600,
            "name": "EC2CustomRole",
            "name_prefix": "",
            "path": "/",
            "permissions_boundary": null,
            "tags": null,
            "tags_all": {},
            "unique_id": "AROA3IX54P26P32SPZW5I"
          },
          "sensitive_attributes": [],
          "private": "bnVsbA==",
          "dependencies": [
            "data.local_file.policy_file"
          ]
        }
      ]
    },
    {
      "module": "module.ec2",
      "mode": "managed",
      "type": "aws_instance",
      "name": "instance",
      "provider": "provider[\"registry.terraform.io/hashicorp/aws\"]",
      "instances": [
        {
          "schema_version": 1,
          "attributes": {
            "ami": "ami-08ee6644906ff4d6c",
            "arn": "arn:aws:ec2:ap-south-1:774700302012:instance/i-0d53fab3837279659",
            "associate_public_ip_address": true,
            "availability_zone": "ap-south-1a",
            "capacity_reservation_specification": [
              {
                "capacity_reservation_preference": "open",
                "capacity_reservation_target": []
              }
            ],
            "cpu_core_count": 1,
            "cpu_threads_per_core": 1,
            "credit_specification": [
              {
                "cpu_credits": "standard"
              }
            ],
            "disable_api_termination": false,
            "ebs_block_device": [],
            "ebs_optimized": false,
            "enclave_options": [
              {
                "enabled": false
              }
            ],
            "ephemeral_block_device": [],
            "get_password_data": false,
            "hibernation": false,
            "host_id": null,
            "iam_instance_profile": "EC2CustomRoleInstanceProfile",
            "id": "i-0d53fab3837279659",
            "instance_initiated_shutdown_behavior": "stop",
            "instance_state": "running",
            "instance_type": "t2.micro",
            "ipv6_address_count": 0,
            "ipv6_addresses": [],
            "key_name": "lb",
            "launch_template": [],
            "metadata_options": [
              {
                "http_endpoint": "enabled",
                "http_put_response_hop_limit": 1,
                "http_tokens": "optional",
                "instance_metadata_tags": "disabled"
              }
            ],
            "monitoring": false,
            "network_interface": [],
            "outpost_arn": "",
            "password_data": "",
            "placement_group": "",
            "placement_partition_number": null,
            "primary_network_interface_id": "eni-0e6496010ecc6d6bd",
            "private_dns": "ip-172-31-35-32.ap-south-1.compute.internal",
            "private_ip": "172.31.35.32",
            "public_dns": "ec2-65-0-95-249.ap-south-1.compute.amazonaws.com",
            "public_ip": "65.0.95.249",
            "root_block_device": [
              {
                "delete_on_termination": true,
                "device_name": "/dev/sda1",
                "encrypted": false,
                "iops": 100,
                "kms_key_id": "",
                "tags": {},
                "throughput": 0,
                "volume_id": "vol-077461ba1f9342df6",
                "volume_size": 8,
                "volume_type": "gp2"
              }
            ],
            "secondary_private_ips": [],
            "security_groups": [
              "Security_TF"
            ],
            "source_dest_check": true,
            "subnet_id": "subnet-04252da70469889b2",
            "tags": {
              "Name": "EC2-IAM-Role-Server"
            },
            "tags_all": {
              "Name": "EC2-IAM-Role-Server"
            },
            "tenancy": "default",
            "timeouts": null,
            "user_data": "0792e7ea4ee744d2c9795ee074bfcb42a8a6ee1b",
            "user_data_base64": null,
            "volume_tags": null,
            "vpc_security_group_ids": [
              "sg-0e0cc66591071d91e"
            ]
          },
          "sensitive_attributes": [],
          "private": "eyJlMmJmYjczMC1lY2FhLTExZTYtOGY4OC0zNDM2M2JjN2M0YzAiOnsiY3JlYXRlIjo2MDAwMDAwMDAwMDAsImRlbGV0ZSI6MTIwMDAwMDAwMDAwMCwidXBkYXRlIjo2MDAwMDAwMDAwMDB9LCJzY2hlbWFfdmVyc2lvbiI6IjEifQ==",
          "dependencies": [
            "data.local_file.policy_file",
            "data.local_file.user_data_file",
            "module.ec2.aws_iam_instance_profile.instance_profile",
            "module.ec2.aws_iam_role.ec2_custom_role",
            "module.ec2.aws_key_pair.generated_key",
            "module.ec2.aws_security_group.Security_TF",
            "module.ec2.data.aws_vpc.default",
            "module.ec2.tls_private_key.tls_key"
          ]
        }
      ]
    },
    {
      "module": "module.ec2",
      "mode": "managed",
      "type": "aws_key_pair",
      "name": "generated_key",
      "provider": "provider[\"registry.terraform.io/hashicorp/aws\"]",
      "instances": [
        {
          "schema_version": 1,
          "attributes": {
            "arn": "arn:aws:ec2:ap-south-1:774700302012:key-pair/lb",
            "fingerprint": "4c:20:50:77:df:b2:06:73:0f:89:d4:d8:44:78:76:c5",
            "id": "lb",
            "key_name": "lb",
            "key_name_prefix": "",
            "key_pair_id": "key-0423b1ea2be19f338",
            "public_key": "ssh-rsa AAAAB3NzaC1yc2EAAAADAQABAAABAQDWe0oaQd7HORZwKRFAa24W0OTbHaoK/yWUr5cqFdY0mX8h3HLSosNrNznfYouZIXyP3Vgnc93UoT18Hsmez4F2kJHjf40ZaHUxC9Gxc7FSE4MjZX7qc7ytBdYvpTstddUGpgKp/wqRid9u8OSZJXYEdN5cD9OUcEZd+XnUCqXZd5bQIxc7M+LweJ1a6EzZi8T84cc6pjZQakA1A+KKR6BzbH3lo7gQEj5eRNJcBQugK00ntgrBIWOdnM6fJ8FTjlGAsfjyaC41bXbLpR/4NmhILbl6uNKqCfgekHvKMxOgzH0OxKnrKpSq/JwTDgmWD7yjrmoQRGJo105/TeroRQNV",
            "tags": null,
            "tags_all": {}
          },
          "sensitive_attributes": [],
          "private": "eyJzY2hlbWFfdmVyc2lvbiI6IjEifQ==",
          "dependencies": [
            "module.ec2.tls_private_key.tls_key"
          ]
        }
      ]
    },
    {
      "module": "module.ec2",
      "mode": "managed",
      "type": "aws_security_group",
      "name": "Security_TF",
      "provider": "provider[\"registry.terraform.io/hashicorp/aws\"]",
      "instances": [
        {
          "schema_version": 1,
          "attributes": {
            "arn": "arn:aws:ec2:ap-south-1:774700302012:security-group/sg-0e0cc66591071d91e",
            "description": "Security Group for Instance",
            "egress": [
              {
                "cidr_blocks": [
                  "0.0.0.0/0"
                ],
                "description": "Anywhere",
                "from_port": 0,
                "ipv6_cidr_blocks": [],
                "prefix_list_ids": [],
                "protocol": "-1",
                "security_groups": [],
                "self": false,
                "to_port": 0
              }
            ],
            "id": "sg-0e0cc66591071d91e",
            "ingress": [
              {
                "cidr_blocks": [
                  "0.0.0.0/0"
                ],
                "description": "HTTP Port",
                "from_port": 80,
                "ipv6_cidr_blocks": [],
                "prefix_list_ids": [],
                "protocol": "tcp",
                "security_groups": [],
                "self": false,
                "to_port": 80
              },
              {
                "cidr_blocks": [],
                "description": "SSH Port",
                "from_port": 22,
                "ipv6_cidr_blocks": [],
                "prefix_list_ids": [],
                "protocol": "tcp",
                "security_groups": [],
                "self": true,
                "to_port": 22
              }
            ],
            "name": "Security_TF",
            "name_prefix": "",
            "owner_id": "774700302012",
            "revoke_rules_on_delete": false,
            "tags": null,
            "tags_all": {},
            "timeouts": null,
            "vpc_id": "vpc-0acb42b758ae949d4"
          },
          "sensitive_attributes": [],
          "private": "eyJlMmJmYjczMC1lY2FhLTExZTYtOGY4OC0zNDM2M2JjN2M0YzAiOnsiY3JlYXRlIjo2MDAwMDAwMDAwMDAsImRlbGV0ZSI6OTAwMDAwMDAwMDAwfSwic2NoZW1hX3ZlcnNpb24iOiIxIn0=",
          "dependencies": [
            "module.ec2.data.aws_vpc.default"
          ]
        }
      ]
    },
    {
      "module": "module.ec2",
      "mode": "managed",
      "type": "local_file",
      "name": "key_file",
      "provider": "provider[\"registry.terraform.io/hashicorp/local\"]",
      "instances": [
        {
          "schema_version": 0,
          "attributes": {
            "content": "-----BEGIN RSA PRIVATE KEY-----\nMIIEpQIBAAKCAQEA1ntKGkHexzkWcCkRQGtuFtDk2x2qCv8llK+XKhXWNJl/Idxy\n0qLDazc532KLmSF8j91YJ3Pd1KE9fB7Jns+BdpCR43+NGWh1MQvRsXOxUhODI2V+\n6nO8rQXWL6U7LXXVBqYCqf8KkYnfbvDkmSV2BHTeXA/TlHBGXfl51Aql2XeW0CMX\nOzPi8HidWuhM2YvE/OHHOqY2UGpANQPiikegc2x95aO4EBI+XkTSXAULoCtNJ7YK\nwSFjnZzOnyfBU45RgLH48mguNW12y6Uf+DZoSC25erjSqgn4HpB7yjMToMx9DsSp\n6yqUqvycEw4Jlg+8o65qEERiaNdOf03q6EUDVQIDAQABAoIBAQDPLiT0nDBgbUq5\naVIa0itzqrGG327EVJauu7bfllxmTue5g8L+qO7wAFbM69pBP1GdfoiLA6eCn4ZP\nAUZtO7CpIRlrkmhv5LFfgTU7nq/owqRoasBgJRBaakrtl0REs4/lbjMglxZUY8QK\n3HNVZBROVb39W+RbfODcIgKGywpNtyxzWuu33ebQPHEfT5y+svhkUTDYLB1VkDnq\nsANnKvikwhq9fDwGcfIydUD5x8v7YQQNyvFk2+4G9JGHzAFKAhIfoW1c+LmOZ5bS\ng9kA2Puq20xxauA+df+Upg3fXa76HPd3TVGAc7ZOpBx51cFiNbDRBIenc63l5XY1\nMZhMQ3L5AoGBAPGkmNscA4jwDhWT+HVQZMLcMheXXYATHtm4/x/g80/hzKA9jzYk\n+6vMy/DsNQQVm3+zc96lu/bD/bdegt2W0wE6ogdeSArKJMTh4fG9tHLXCVyiAxIr\nfcVrHY/SzAz82o3PrRKAIzNKXDqi46kq1230/kp00K9R761T/S3EPa6zAoGBAOM5\nkQxmtb9S47Hf5H6ibXbFeZELbOwpU+kjN0abhaqoqc7Cu7TeOpWfrzt07+Vdr+ep\nwS0/iOcAzc+/Z45hLGUwjxQL+hFB84CT5pMF0w1TWePRu6hGO2THA7jKL5dpPJXy\n9Z6wmje1S4D210t623LETx3qvxiCzi9rzrkW4QnXAoGBAO2c6SIsPd2eEHtvcdYK\nI8rpM+i20x5pruBxZY43aYqXgtvfLMAVRdT+IVzbKJbHmIzOLZY2asqQlyCFMzIq\naXq/6SxNrZHOjLF9XOyVmqeChJYuSc7ILXi/h+YxZq0uxsrD+HBEyFhbOq3+Ftf2\nZLifPJ6Cl+KOM5zBBijG29C5AoGAfpk6SXCIXpquJhKaWjvhRUVtH/T/sOytxb1L\nNNm9tYHXak1xC6qtdWPM3BGg/2gdc7NO4AkAG8SE5vS7m8ZkV9SgQwkRQMBADSla\nVBvwpQIFmTrnlS/cM5/2YOS1c2S8zsbZNpsqsVMfSDE/btx6nAzoD8EUy3FFs4Ib\nYWBv7W0CgYEAkTu/cqU/7A/j+rFlNaItvs3JIf+oC/n4hUxcKcO6UU6arHmfzfj1\nVdN7oA3wFlmdY3U0HJAKtx0uLM7EhPne7wjV1+jnS1lKpTFJ4/6z7/pTfJqTGr+m\nnLcWE/62aOoZXGz8IOGRbJVn25mnJh3J1VCD549X7jg5hrOT3n5Ijyc=\n-----END RSA PRIVATE KEY-----\n",
            "content_base64": null,
            "directory_permission": "0777",
            "file_permission": "0777",
            "filename": "lb.pem",
            "id": "ad4973dd54a5d7bd16e7285fa159a2929ce19b34",
            "sensitive_content": null,
            "source": null
          },
          "sensitive_attributes": [
            [
              {
                "type": "get_attr",
                "value": "content"
              }
            ]
          ],
          "private": "bnVsbA==",
          "dependencies": [
            "module.ec2.tls_private_key.tls_key"
          ]
        }
      ]
    },
    {
      "module": "module.ec2",
      "mode": "managed",
      "type": "tls_private_key",
      "name": "tls_key",
      "provider": "provider[\"registry.terraform.io/hashicorp/tls\"]",
      "instances": [
        {
          "schema_version": 0,
          "attributes": {
            "algorithm": "RSA",
            "ecdsa_curve": "P224",
            "id": "8c1a3610c2bb3724c159e5922d9b0b7827b50438",
            "private_key_pem": "-----BEGIN RSA PRIVATE KEY-----\nMIIEpQIBAAKCAQEA1ntKGkHexzkWcCkRQGtuFtDk2x2qCv8llK+XKhXWNJl/Idxy\n0qLDazc532KLmSF8j91YJ3Pd1KE9fB7Jns+BdpCR43+NGWh1MQvRsXOxUhODI2V+\n6nO8rQXWL6U7LXXVBqYCqf8KkYnfbvDkmSV2BHTeXA/TlHBGXfl51Aql2XeW0CMX\nOzPi8HidWuhM2YvE/OHHOqY2UGpANQPiikegc2x95aO4EBI+XkTSXAULoCtNJ7YK\nwSFjnZzOnyfBU45RgLH48mguNW12y6Uf+DZoSC25erjSqgn4HpB7yjMToMx9DsSp\n6yqUqvycEw4Jlg+8o65qEERiaNdOf03q6EUDVQIDAQABAoIBAQDPLiT0nDBgbUq5\naVIa0itzqrGG327EVJauu7bfllxmTue5g8L+qO7wAFbM69pBP1GdfoiLA6eCn4ZP\nAUZtO7CpIRlrkmhv5LFfgTU7nq/owqRoasBgJRBaakrtl0REs4/lbjMglxZUY8QK\n3HNVZBROVb39W+RbfODcIgKGywpNtyxzWuu33ebQPHEfT5y+svhkUTDYLB1VkDnq\nsANnKvikwhq9fDwGcfIydUD5x8v7YQQNyvFk2+4G9JGHzAFKAhIfoW1c+LmOZ5bS\ng9kA2Puq20xxauA+df+Upg3fXa76HPd3TVGAc7ZOpBx51cFiNbDRBIenc63l5XY1\nMZhMQ3L5AoGBAPGkmNscA4jwDhWT+HVQZMLcMheXXYATHtm4/x/g80/hzKA9jzYk\n+6vMy/DsNQQVm3+zc96lu/bD/bdegt2W0wE6ogdeSArKJMTh4fG9tHLXCVyiAxIr\nfcVrHY/SzAz82o3PrRKAIzNKXDqi46kq1230/kp00K9R761T/S3EPa6zAoGBAOM5\nkQxmtb9S47Hf5H6ibXbFeZELbOwpU+kjN0abhaqoqc7Cu7TeOpWfrzt07+Vdr+ep\nwS0/iOcAzc+/Z45hLGUwjxQL+hFB84CT5pMF0w1TWePRu6hGO2THA7jKL5dpPJXy\n9Z6wmje1S4D210t623LETx3qvxiCzi9rzrkW4QnXAoGBAO2c6SIsPd2eEHtvcdYK\nI8rpM+i20x5pruBxZY43aYqXgtvfLMAVRdT+IVzbKJbHmIzOLZY2asqQlyCFMzIq\naXq/6SxNrZHOjLF9XOyVmqeChJYuSc7ILXi/h+YxZq0uxsrD+HBEyFhbOq3+Ftf2\nZLifPJ6Cl+KOM5zBBijG29C5AoGAfpk6SXCIXpquJhKaWjvhRUVtH/T/sOytxb1L\nNNm9tYHXak1xC6qtdWPM3BGg/2gdc7NO4AkAG8SE5vS7m8ZkV9SgQwkRQMBADSla\nVBvwpQIFmTrnlS/cM5/2YOS1c2S8zsbZNpsqsVMfSDE/btx6nAzoD8EUy3FFs4Ib\nYWBv7W0CgYEAkTu/cqU/7A/j+rFlNaItvs3JIf+oC/n4hUxcKcO6UU6arHmfzfj1\nVdN7oA3wFlmdY3U0HJAKtx0uLM7EhPne7wjV1+jnS1lKpTFJ4/6z7/pTfJqTGr+m\nnLcWE/62aOoZXGz8IOGRbJVn25mnJh3J1VCD549X7jg5hrOT3n5Ijyc=\n-----END RSA PRIVATE KEY-----\n",
            "public_key_fingerprint_md5": "dd:3c:0e:c6:86:0a:85:71:e8:82:48:4b:19:cd:3c:6e",
            "public_key_openssh": "ssh-rsa AAAAB3NzaC1yc2EAAAADAQABAAABAQDWe0oaQd7HORZwKRFAa24W0OTbHaoK/yWUr5cqFdY0mX8h3HLSosNrNznfYouZIXyP3Vgnc93UoT18Hsmez4F2kJHjf40ZaHUxC9Gxc7FSE4MjZX7qc7ytBdYvpTstddUGpgKp/wqRid9u8OSZJXYEdN5cD9OUcEZd+XnUCqXZd5bQIxc7M+LweJ1a6EzZi8T84cc6pjZQakA1A+KKR6BzbH3lo7gQEj5eRNJcBQugK00ntgrBIWOdnM6fJ8FTjlGAsfjyaC41bXbLpR/4NmhILbl6uNKqCfgekHvKMxOgzH0OxKnrKpSq/JwTDgmWD7yjrmoQRGJo105/TeroRQNV\n",
            "public_key_pem": "-----BEGIN PUBLIC KEY-----\nMIIBIjANBgkqhkiG9w0BAQEFAAOCAQ8AMIIBCgKCAQEA1ntKGkHexzkWcCkRQGtu\nFtDk2x2qCv8llK+XKhXWNJl/Idxy0qLDazc532KLmSF8j91YJ3Pd1KE9fB7Jns+B\ndpCR43+NGWh1MQvRsXOxUhODI2V+6nO8rQXWL6U7LXXVBqYCqf8KkYnfbvDkmSV2\nBHTeXA/TlHBGXfl51Aql2XeW0CMXOzPi8HidWuhM2YvE/OHHOqY2UGpANQPiikeg\nc2x95aO4EBI+XkTSXAULoCtNJ7YKwSFjnZzOnyfBU45RgLH48mguNW12y6Uf+DZo\nSC25erjSqgn4HpB7yjMToMx9DsSp6yqUqvycEw4Jlg+8o65qEERiaNdOf03q6EUD\nVQIDAQAB\n-----END PUBLIC KEY-----\n",
            "rsa_bits": 2048
          },
          "sensitive_attributes": [],
          "private": "bnVsbA=="
        }
      ]
    }
  ]
}
